
Microsoft Visual Studio Solution File, Format Version 12.00
# Visual Studio 15
VisualStudioVersion = 15.0.27004.2005
MinimumVisualStudioVersion = 10.0.40219.1
Project("{9A19103F-16F7-4668-BE54-9A1E7A4F7556}") = "projectmanagementapplication", "projectmanagementapplication.csproj", "{B2D953FF-09FF-494F-88D0-CF66418927F0}"
EndProject
Project("{9A19103F-16F7-4668-BE54-9A1E7A4F7556}") = "UnitTests", "..\UnitTests\UnitTests.csproj", "{9240EC40-B743-4F36-B58F-1ADD34AD9D5E}"
EndProject
Global
	GlobalSection(SolutionConfigurationPlatforms) = preSolution
		Debug|Any CPU = Debug|Any CPU
		Release|Any CPU = Release|Any CPU
	EndGlobalSection
	GlobalSection(ProjectConfigurationPlatforms) = postSolution
		{B2D953FF-09FF-494F-88D0-CF66418927F0}.Debug|Any CPU.ActiveCfg = Debug|Any CPU
		{B2D953FF-09FF-494F-88D0-CF66418927F0}.Debug|Any CPU.Build.0 = Debug|Any CPU
		{B2D953FF-09FF-494F-88D0-CF66418927F0}.Release|Any CPU.ActiveCfg = Release|Any CPU
		{B2D953FF-09FF-494F-88D0-CF66418927F0}.Release|Any CPU.Build.0 = Release|Any CPU
		{9240EC40-B743-4F36-B58F-1ADD34AD9D5E}.Debug|Any CPU.ActiveCfg = Debug|Any CPU
		{9240EC40-B743-4F36-B58F-1ADD34AD9D5E}.Debug|Any CPU.Build.0 = Debug|Any CPU
		{9240EC40-B743-4F36-B58F-1ADD34AD9D5E}.Release|Any CPU.ActiveCfg = Release|Any CPU
		{9240EC40-B743-4F36-B58F-1ADD34AD9D5E}.Release|Any CPU.Build.0 = Release|Any CPU
	EndGlobalSection
	GlobalSection(SolutionProperties) = preSolution
		HideSolutionNode = FALSE
	EndGlobalSection
	GlobalSection(ExtensibilityGlobals) = postSolution
		SolutionGuid = {0F2056EF-61B8-4745-8802-33B4EB194F50}
	EndGlobalSection
EndGlobal
